
Microsoft Visual Studio Solution File, Format Version 12.00
# Visual Studio Version 16
VisualStudioVersion = 16.0.31613.86
MinimumVisualStudioVersion = 10.0.40219.1
Project("{9A19103F-16F7-4668-BE54-9A1E7A4F7556}") = "Desafio_02", "Desafio_02.csproj", "{41C72111-C311-40B1-BA27-5F9446754A3E}"
EndProject
Global
	GlobalSection(SolutionConfigurationPlatforms) = preSolution
		Debug|Any CPU = Debug|Any CPU
		Release|Any CPU = Release|Any CPU
	EndGlobalSection
	GlobalSection(ProjectConfigurationPlatforms) = postSolution
		{41C72111-C311-40B1-BA27-5F9446754A3E}.Debug|Any CPU.ActiveCfg = Debug|Any CPU
		{41C72111-C311-40B1-BA27-5F9446754A3E}.Debug|Any CPU.Build.0 = Debug|Any CPU
		{41C72111-C311-40B1-BA27-5F9446754A3E}.Release|Any CPU.ActiveCfg = Release|Any CPU
		{41C72111-C311-40B1-BA27-5F9446754A3E}.Release|Any CPU.Build.0 = Release|Any CPU
	EndGlobalSection
	GlobalSection(SolutionProperties) = preSolution
		HideSolutionNode = FALSE
	EndGlobalSection
	GlobalSection(ExtensibilityGlobals) = postSolution
		SolutionGuid = {124E5842-F08F-42F3-9C43-526A19E7F570}
	EndGlobalSection
EndGlobal
